
Microsoft Visual Studio Solution File, Format Version 12.00
# Visual Studio 15
VisualStudioVersion = 15.0.28010.2050
MinimumVisualStudioVersion = 10.0.40219.1
Project("{8BC9CEB8-8B4A-11D0-8D11-00A0C91BC942}") = "Chat Test", "Chat Test\Chat Test.vcxproj", "{44DB348C-65D0-4DE6-9C4F-9B8457875038}"
EndProject
Global
	GlobalSection(SolutionConfigurationPlatforms) = preSolution
		Debug|x64 = Debug|x64
		Debug|x86 = Debug|x86
		Release|x64 = Release|x64
		Release|x86 = Release|x86
	EndGlobalSection
	GlobalSection(ProjectConfigurationPlatforms) = postSolution
		{44DB348C-65D0-4DE6-9C4F-9B8457875038}.Debug|x64.ActiveCfg = Debug|x64
		{44DB348C-65D0-4DE6-9C4F-9B8457875038}.Debug|x64.Build.0 = Debug|x64
		{44DB348C-65D0-4DE6-9C4F-9B8457875038}.Debug|x86.ActiveCfg = Debug|Win32
		{44DB348C-65D0-4DE6-9C4F-9B8457875038}.Debug|x86.Build.0 = Debug|Win32
		{44DB348C-65D0-4DE6-9C4F-9B8457875038}.Release|x64.ActiveCfg = Release|x64
		{44DB348C-65D0-4DE6-9C4F-9B8457875038}.Release|x64.Build.0 = Release|x64
		{44DB348C-65D0-4DE6-9C4F-9B8457875038}.Release|x86.ActiveCfg = Release|Win32
		{44DB348C-65D0-4DE6-9C4F-9B8457875038}.Release|x86.Build.0 = Release|Win32
	EndGlobalSection
	GlobalSection(SolutionProperties) = preSolution
		HideSolutionNode = FALSE
	EndGlobalSection
	GlobalSection(ExtensibilityGlobals) = postSolution
		SolutionGuid = {75F85274-8699-4832-9BA2-5D21B68E5278}
	EndGlobalSection
EndGlobal
